
Microsoft Visual Studio Solution File, Format Version 12.00
# Visual Studio Version 16
VisualStudioVersion = 16.0.29509.3
MinimumVisualStudioVersion = 10.0.40219.1
Project("{FAE04EC0-301F-11D3-BF4B-00C04F79EFBC}") = "Password Generator", "Password Generator\Password Generator.csproj", "{BE713A7E-9239-479D-83C4-1A979E1C3188}"
EndProject
Global
	GlobalSection(SolutionConfigurationPlatforms) = preSolution
		Debug|Any CPU = Debug|Any CPU
		Release|Any CPU = Release|Any CPU
	EndGlobalSection
	GlobalSection(ProjectConfigurationPlatforms) = postSolution
		{BE713A7E-9239-479D-83C4-1A979E1C3188}.Debug|Any CPU.ActiveCfg = Debug|Any CPU
		{BE713A7E-9239-479D-83C4-1A979E1C3188}.Debug|Any CPU.Build.0 = Debug|Any CPU
		{BE713A7E-9239-479D-83C4-1A979E1C3188}.Release|Any CPU.ActiveCfg = Release|Any CPU
		{BE713A7E-9239-479D-83C4-1A979E1C3188}.Release|Any CPU.Build.0 = Release|Any CPU
	EndGlobalSection
	GlobalSection(SolutionProperties) = preSolution
		HideSolutionNode = FALSE
	EndGlobalSection
	GlobalSection(ExtensibilityGlobals) = postSolution
		SolutionGuid = {1FDBCE1B-E5B4-41BA-89E9-0E31CC287125}
	EndGlobalSection
EndGlobal
